
Microsoft Visual Studio Solution File, Format Version 12.00
# Visual Studio Version 17
VisualStudioVersion = 17.3.32922.545
MinimumVisualStudioVersion = 10.0.40219.1
Project("{FAE04EC0-301F-11D3-BF4B-00C04F79EFBC}") = "OCP", "OCP.csproj", "{DA02D661-40ED-48FE-A7DF-54BB7537A1CC}"
EndProject
Global
	GlobalSection(SolutionConfigurationPlatforms) = preSolution
		Debug|Any CPU = Debug|Any CPU
		Release|Any CPU = Release|Any CPU
	EndGlobalSection
	GlobalSection(ProjectConfigurationPlatforms) = postSolution
		{DA02D661-40ED-48FE-A7DF-54BB7537A1CC}.Debug|Any CPU.ActiveCfg = Debug|Any CPU
		{DA02D661-40ED-48FE-A7DF-54BB7537A1CC}.Debug|Any CPU.Build.0 = Debug|Any CPU
		{DA02D661-40ED-48FE-A7DF-54BB7537A1CC}.Release|Any CPU.ActiveCfg = Release|Any CPU
		{DA02D661-40ED-48FE-A7DF-54BB7537A1CC}.Release|Any CPU.Build.0 = Release|Any CPU
	EndGlobalSection
	GlobalSection(SolutionProperties) = preSolution
		HideSolutionNode = FALSE
	EndGlobalSection
	GlobalSection(ExtensibilityGlobals) = postSolution
		SolutionGuid = {0613BA22-19B8-4746-9122-01EB6A2FBA01}
	EndGlobalSection
EndGlobal
